
Microsoft Visual Studio Solution File, Format Version 12.00
# Visual Studio Version 16
VisualStudioVersion = 16.0.30523.141
MinimumVisualStudioVersion = 10.0.40219.1
Project("{FAE04EC0-301F-11D3-BF4B-00C04F79EFBC}") = "Kurs", "Kurs\Kurs.csproj", "{5F2D60AE-CDD6-470E-A590-FC22AA278C12}"
EndProject
Global
	GlobalSection(SolutionConfigurationPlatforms) = preSolution
		Debug|Any CPU = Debug|Any CPU
		Release|Any CPU = Release|Any CPU
	EndGlobalSection
	GlobalSection(ProjectConfigurationPlatforms) = postSolution
		{5F2D60AE-CDD6-470E-A590-FC22AA278C12}.Debug|Any CPU.ActiveCfg = Debug|Any CPU
		{5F2D60AE-CDD6-470E-A590-FC22AA278C12}.Debug|Any CPU.Build.0 = Debug|Any CPU
		{5F2D60AE-CDD6-470E-A590-FC22AA278C12}.Release|Any CPU.ActiveCfg = Release|Any CPU
		{5F2D60AE-CDD6-470E-A590-FC22AA278C12}.Release|Any CPU.Build.0 = Release|Any CPU
	EndGlobalSection
	GlobalSection(SolutionProperties) = preSolution
		HideSolutionNode = FALSE
	EndGlobalSection
	GlobalSection(ExtensibilityGlobals) = postSolution
		SolutionGuid = {EFD25CF9-407F-4545-B82F-A1EC60E3A7F3}
	EndGlobalSection
EndGlobal
